
Microsoft Visual Studio Solution File, Format Version 12.00
# Visual Studio 15
VisualStudioVersion = 15.0.28307.136
MinimumVisualStudioVersion = 10.0.40219.1
Project("{2150E333-8FDC-42A3-9474-1A3956D46DE8}") = "src", "src", "{240B187E-9B9A-406E-B219-9C6ED1DDE685}"
EndProject
Project("{2150E333-8FDC-42A3-9474-1A3956D46DE8}") = "test", "test", "{7FEAA4BC-7FE5-47D4-A4C0-8E72CC779E00}"
EndProject
Project("{FAE04EC0-301F-11D3-BF4B-00C04F79EFBC}") = "Serilog.Extensions.Autofac.DependencyInjection.Tests", "test\Serilog.Extensions.Autofac.DependencyInjection.Tests\Serilog.Extensions.Autofac.DependencyInjection.Tests.csproj", "{1090081B-384D-43C4-9A34-4B5D1B4724B9}"
EndProject
Project("{9A19103F-16F7-4668-BE54-9A1E7A4F7556}") = "Serilog.Extensions.Autofac.DependencyInjection", "src\Serilog.Extensions.Autofac.DependencyInjection\Serilog.Extensions.Autofac.DependencyInjection.csproj", "{31F68EEC-E2B3-4737-8462-7CB2DE031625}"
EndProject
Project("{2150E333-8FDC-42A3-9474-1A3956D46DE8}") = "samples", "samples", "{884C82AE-63F9-4D58-B351-F2DAA76383F1}"
EndProject
Project("{FAE04EC0-301F-11D3-BF4B-00C04F79EFBC}") = "Serilog.Extensions.Autofac.DependencyInjection.Console", "samples\Serilog.Extensions.Autofac.DependencyInjection.Console\Serilog.Extensions.Autofac.DependencyInjection.Console.csproj", "{22AC6AEC-1E78-4A44-B798-B1D0FDF2A0D6}"
EndProject
Project("{FAE04EC0-301F-11D3-BF4B-00C04F79EFBC}") = "Serilog.Extensions.Autofac.DependencyInjection.Web", "samples\Serilog.Extensions.Autofac.DependencyInjection.Web\Serilog.Extensions.Autofac.DependencyInjection.Web.csproj", "{D794977C-4854-4B5F-BDF7-BD565D130592}"
EndProject
Project("{2150E333-8FDC-42A3-9474-1A3956D46DE8}") = "misc", "misc", "{27C47AF0-6594-4DAF-8312-9139F1A725AF}"
ProjectSection(SolutionItems) = preProject
	test.sh = test.sh
	publish-packages.sh = publish-packages.sh
	.travis.yml = .travis.yml
	global.json = global.json
	README.md = README.md
	CHANGELOG.md = CHANGELOG.md
	LICENSE.md = LICENSE.md
	Directory.Build.props = Directory.Build.props
EndProjectSection
EndProject
Global
	GlobalSection(SolutionConfigurationPlatforms) = preSolution
		Debug|Any CPU = Debug|Any CPU
		Release|Any CPU = Release|Any CPU
	EndGlobalSection
	GlobalSection(ProjectConfigurationPlatforms) = postSolution
		{1090081B-384D-43C4-9A34-4B5D1B4724B9}.Debug|Any CPU.ActiveCfg = Debug|Any CPU
		{1090081B-384D-43C4-9A34-4B5D1B4724B9}.Debug|Any CPU.Build.0 = Debug|Any CPU
		{1090081B-384D-43C4-9A34-4B5D1B4724B9}.Release|Any CPU.ActiveCfg = Release|Any CPU
		{1090081B-384D-43C4-9A34-4B5D1B4724B9}.Release|Any CPU.Build.0 = Release|Any CPU
		{31F68EEC-E2B3-4737-8462-7CB2DE031625}.Debug|Any CPU.ActiveCfg = Debug|Any CPU
		{31F68EEC-E2B3-4737-8462-7CB2DE031625}.Debug|Any CPU.Build.0 = Debug|Any CPU
		{31F68EEC-E2B3-4737-8462-7CB2DE031625}.Release|Any CPU.ActiveCfg = Release|Any CPU
		{31F68EEC-E2B3-4737-8462-7CB2DE031625}.Release|Any CPU.Build.0 = Release|Any CPU
		{22AC6AEC-1E78-4A44-B798-B1D0FDF2A0D6}.Debug|Any CPU.ActiveCfg = Debug|Any CPU
		{22AC6AEC-1E78-4A44-B798-B1D0FDF2A0D6}.Debug|Any CPU.Build.0 = Debug|Any CPU
		{22AC6AEC-1E78-4A44-B798-B1D0FDF2A0D6}.Release|Any CPU.ActiveCfg = Release|Any CPU
		{22AC6AEC-1E78-4A44-B798-B1D0FDF2A0D6}.Release|Any CPU.Build.0 = Release|Any CPU
		{D794977C-4854-4B5F-BDF7-BD565D130592}.Debug|Any CPU.ActiveCfg = Debug|Any CPU
		{D794977C-4854-4B5F-BDF7-BD565D130592}.Debug|Any CPU.Build.0 = Debug|Any CPU
		{D794977C-4854-4B5F-BDF7-BD565D130592}.Release|Any CPU.ActiveCfg = Release|Any CPU
		{D794977C-4854-4B5F-BDF7-BD565D130592}.Release|Any CPU.Build.0 = Release|Any CPU
	EndGlobalSection
	GlobalSection(SolutionProperties) = preSolution
		HideSolutionNode = FALSE
	EndGlobalSection
	GlobalSection(NestedProjects) = preSolution
		{1090081B-384D-43C4-9A34-4B5D1B4724B9} = {7FEAA4BC-7FE5-47D4-A4C0-8E72CC779E00}
		{31F68EEC-E2B3-4737-8462-7CB2DE031625} = {240B187E-9B9A-406E-B219-9C6ED1DDE685}
		{22AC6AEC-1E78-4A44-B798-B1D0FDF2A0D6} = {884C82AE-63F9-4D58-B351-F2DAA76383F1}
		{D794977C-4854-4B5F-BDF7-BD565D130592} = {884C82AE-63F9-4D58-B351-F2DAA76383F1}
	EndGlobalSection
	GlobalSection(ExtensibilityGlobals) = postSolution
		SolutionGuid = {491A5151-8C6D-4882-864E-FE4DBABB616D}
	EndGlobalSection
EndGlobal
